
Microsoft Visual Studio Solution File, Format Version 12.00
# Visual Studio 15
VisualStudioVersion = 15.0.28307.572
MinimumVisualStudioVersion = 10.0.40219.1
Project("{FAE04EC0-301F-11D3-BF4B-00C04F79EFBC}") = "Pistolometro", "Pistolometro\Pistolometro.csproj", "{90008292-4FF3-4CB7-8AC0-F90CA347F465}"
EndProject
Global
	GlobalSection(SolutionConfigurationPlatforms) = preSolution
		Debug|Any CPU = Debug|Any CPU
		Release|Any CPU = Release|Any CPU
	EndGlobalSection
	GlobalSection(ProjectConfigurationPlatforms) = postSolution
		{90008292-4FF3-4CB7-8AC0-F90CA347F465}.Debug|Any CPU.ActiveCfg = Debug|Any CPU
		{90008292-4FF3-4CB7-8AC0-F90CA347F465}.Debug|Any CPU.Build.0 = Debug|Any CPU
		{90008292-4FF3-4CB7-8AC0-F90CA347F465}.Release|Any CPU.ActiveCfg = Release|Any CPU
		{90008292-4FF3-4CB7-8AC0-F90CA347F465}.Release|Any CPU.Build.0 = Release|Any CPU
	EndGlobalSection
	GlobalSection(SolutionProperties) = preSolution
		HideSolutionNode = FALSE
	EndGlobalSection
	GlobalSection(ExtensibilityGlobals) = postSolution
		SolutionGuid = {29A56A21-AB27-4222-94C9-D35728C21AFC}
	EndGlobalSection
EndGlobal
